
Microsoft Visual Studio Solution File, Format Version 12.00
# Visual Studio Version 16
VisualStudioVersion = 16.0.30204.135
MinimumVisualStudioVersion = 10.0.40219.1
Project("{FAE04EC0-301F-11D3-BF4B-00C04F79EFBC}") = "MyCal2", "MyCal2\MyCal2.csproj", "{5F191BCC-5C8C-4105-B901-BAED8AAC9A99}"
EndProject
Global
	GlobalSection(SolutionConfigurationPlatforms) = preSolution
		Debug|Any CPU = Debug|Any CPU
		Release|Any CPU = Release|Any CPU
	EndGlobalSection
	GlobalSection(ProjectConfigurationPlatforms) = postSolution
		{5F191BCC-5C8C-4105-B901-BAED8AAC9A99}.Debug|Any CPU.ActiveCfg = Debug|Any CPU
		{5F191BCC-5C8C-4105-B901-BAED8AAC9A99}.Debug|Any CPU.Build.0 = Debug|Any CPU
		{5F191BCC-5C8C-4105-B901-BAED8AAC9A99}.Release|Any CPU.ActiveCfg = Release|Any CPU
		{5F191BCC-5C8C-4105-B901-BAED8AAC9A99}.Release|Any CPU.Build.0 = Release|Any CPU
	EndGlobalSection
	GlobalSection(SolutionProperties) = preSolution
		HideSolutionNode = FALSE
	EndGlobalSection
	GlobalSection(ExtensibilityGlobals) = postSolution
		SolutionGuid = {0A969509-13DF-4E20-B8C5-25EA08570CB7}
	EndGlobalSection
EndGlobal
